
Microsoft Visual Studio Solution File, Format Version 12.00
# Visual Studio Version 16
VisualStudioVersion = 16.0.31321.278
MinimumVisualStudioVersion = 10.0.40219.1
Project("{FAE04EC0-301F-11D3-BF4B-00C04F79EFBC}") = "GildedRose-Refactoring-Kata", "GildedRose-Refactoring-Kata\GildedRose-Refactoring-Kata.csproj", "{951A6502-109D-4962-A4E8-A2C8863B197A}"
EndProject
Global
	GlobalSection(SolutionConfigurationPlatforms) = preSolution
		Debug|Any CPU = Debug|Any CPU
		Release|Any CPU = Release|Any CPU
	EndGlobalSection
	GlobalSection(ProjectConfigurationPlatforms) = postSolution
		{951A6502-109D-4962-A4E8-A2C8863B197A}.Debug|Any CPU.ActiveCfg = Debug|Any CPU
		{951A6502-109D-4962-A4E8-A2C8863B197A}.Debug|Any CPU.Build.0 = Debug|Any CPU
		{951A6502-109D-4962-A4E8-A2C8863B197A}.Release|Any CPU.ActiveCfg = Release|Any CPU
		{951A6502-109D-4962-A4E8-A2C8863B197A}.Release|Any CPU.Build.0 = Release|Any CPU
	EndGlobalSection
	GlobalSection(SolutionProperties) = preSolution
		HideSolutionNode = FALSE
	EndGlobalSection
	GlobalSection(ExtensibilityGlobals) = postSolution
		SolutionGuid = {2CB3DBFE-0BD7-489B-8FD6-0E9D3C136A39}
	EndGlobalSection
EndGlobal
